{
  "name": "everything-maa",
  "version": "0.1.1",
  "lockfileVersion": 3,
  "requires": true,
  "packages": {
    "": {
      "name": "everything-maa",
      "version": "0.1.1",
      "license": "MIT",
      "bin": {
        "everything-maa": "packages/cli/bin/everything-maa.js"
      },
      "engines": {
        "node": ">=18"
      }
    }
  }
}
